
Microsoft Visual Studio Solution File, Format Version 12.00
# Visual Studio Version 16
VisualStudioVersion = 16.0.29403.142
MinimumVisualStudioVersion = 10.0.40219.1
Project("{8BC9CEB8-8B4A-11D0-8D11-00A0C91BC942}") = "myTracert", "myTracert\myTracert.vcxproj", "{021430C8-A643-4C02-B998-842B3ED8ECE2}"
EndProject
Project("{8BC9CEB8-8B4A-11D0-8D11-00A0C91BC942}") = "MyTracert02", "..\MyTracert02\MyTracert02\MyTracert02.vcxproj", "{6594A867-FDD3-434C-9AE0-3FAEE9863CDF}"
EndProject
Global
	GlobalSection(SolutionConfigurationPlatforms) = preSolution
		Debug|x64 = Debug|x64
		Debug|x86 = Debug|x86
		Release|x64 = Release|x64
		Release|x86 = Release|x86
	EndGlobalSection
	GlobalSection(ProjectConfigurationPlatforms) = postSolution
		{021430C8-A643-4C02-B998-842B3ED8ECE2}.Debug|x64.ActiveCfg = Debug|x64
		{021430C8-A643-4C02-B998-842B3ED8ECE2}.Debug|x64.Build.0 = Debug|x64
		{021430C8-A643-4C02-B998-842B3ED8ECE2}.Debug|x86.ActiveCfg = Debug|Win32
		{021430C8-A643-4C02-B998-842B3ED8ECE2}.Debug|x86.Build.0 = Debug|Win32
		{021430C8-A643-4C02-B998-842B3ED8ECE2}.Release|x64.ActiveCfg = Release|x64
		{021430C8-A643-4C02-B998-842B3ED8ECE2}.Release|x64.Build.0 = Release|x64
		{021430C8-A643-4C02-B998-842B3ED8ECE2}.Release|x86.ActiveCfg = Release|Win32
		{021430C8-A643-4C02-B998-842B3ED8ECE2}.Release|x86.Build.0 = Release|Win32
		{6594A867-FDD3-434C-9AE0-3FAEE9863CDF}.Debug|x64.ActiveCfg = Debug|x64
		{6594A867-FDD3-434C-9AE0-3FAEE9863CDF}.Debug|x64.Build.0 = Debug|x64
		{6594A867-FDD3-434C-9AE0-3FAEE9863CDF}.Debug|x86.ActiveCfg = Debug|Win32
		{6594A867-FDD3-434C-9AE0-3FAEE9863CDF}.Debug|x86.Build.0 = Debug|Win32
		{6594A867-FDD3-434C-9AE0-3FAEE9863CDF}.Release|x64.ActiveCfg = Release|x64
		{6594A867-FDD3-434C-9AE0-3FAEE9863CDF}.Release|x64.Build.0 = Release|x64
		{6594A867-FDD3-434C-9AE0-3FAEE9863CDF}.Release|x86.ActiveCfg = Release|Win32
		{6594A867-FDD3-434C-9AE0-3FAEE9863CDF}.Release|x86.Build.0 = Release|Win32
	EndGlobalSection
	GlobalSection(SolutionProperties) = preSolution
		HideSolutionNode = FALSE
	EndGlobalSection
	GlobalSection(ExtensibilityGlobals) = postSolution
		SolutionGuid = {08CBCF14-F6C7-4ECF-A173-EF928E3F7BFA}
	EndGlobalSection
EndGlobal
